// !$*UTF8*$!
{
	archiveVersion = 1;
	classes = {
	};
	objectVersion = 56;
	objects = {

/* Begin PBXBuildFile section */
		5B14A4BF2B1B39AE00F7444B /* MoviesViewController.swift in Sources */ = {isa = PBXBuildFile; fileRef = 5B14A4BD2B1B39AE00F7444B /* MoviesViewController.swift */; };
		5B14A4C02B1B39AE00F7444B /* MoviesViewController.xib in Resources */ = {isa = PBXBuildFile; fileRef = 5B14A4BE2B1B39AE00F7444B /* MoviesViewController.xib */; };
		5B14A4C32B1B468000F7444B /* GetMoviesUC.swift in Sources */ = {isa = PBXBuildFile; fileRef = 5B14A4C22B1B468000F7444B /* GetMoviesUC.swift */; };
		5B14A4C62B1B471600F7444B /* IMoviesRepository.swift in Sources */ = {isa = PBXBuildFile; fileRef = 5B14A4C52B1B471600F7444B /* IMoviesRepository.swift */; };
		5B14A4CB2B1B4BEA00F7444B /* MoviesRepository.swift in Sources */ = {isa = PBXBuildFile; fileRef = 5B14A4CA2B1B4BEA00F7444B /* MoviesRepository.swift */; };
		5B14A4CD2B1B4E5800F7444B /* MoviesDTO.swift in Sources */ = {isa = PBXBuildFile; fileRef = 5B14A4CC2B1B4E5800F7444B /* MoviesDTO.swift */; };
		5B14A4CF2B1B4E6F00F7444B /* MovieDTO.swift in Sources */ = {isa = PBXBuildFile; fileRef = 5B14A4CE2B1B4E6F00F7444B /* MovieDTO.swift */; };
		5B14A4D52B1B5F1C00F7444B /* MovieViewCell.swift in Sources */ = {isa = PBXBuildFile; fileRef = 5B14A4D32B1B5F1C00F7444B /* MovieViewCell.swift */; };
		5B14A4D82B1B5F6B00F7444B /* XibInstantiable.swift in Sources */ = {isa = PBXBuildFile; fileRef = 5B14A4D72B1B5F6B00F7444B /* XibInstantiable.swift */; };
		5BCC12DA2B1E43DF00C9C766 /* GetMoviesUCTests.swift in Sources */ = {isa = PBXBuildFile; fileRef = 5BCC12D92B1E43DF00C9C766 /* GetMoviesUCTests.swift */; };
		5BCC12DD2B1E449000C9C766 /* MoviesRepositoryMock.swift in Sources */ = {isa = PBXBuildFile; fileRef = 5BCC12DC2B1E449000C9C766 /* MoviesRepositoryMock.swift */; };
		5BCC12DE2B1E44B600C9C766 /* IMoviesRepository.swift in Sources */ = {isa = PBXBuildFile; fileRef = 5B14A4C52B1B471600F7444B /* IMoviesRepository.swift */; };
		5BCC12DF2B1E450700C9C766 /* Movie.swift in Sources */ = {isa = PBXBuildFile; fileRef = FAC75F442B1A709400BCE0BA /* Movie.swift */; };
		5BCC12E02B1E450900C9C766 /* MovieFull.swift in Sources */ = {isa = PBXBuildFile; fileRef = 5BD5240A2B1CDF6000C945F5 /* MovieFull.swift */; };
		5BCC12E12B1E451200C9C766 /* GetMoviesUC.swift in Sources */ = {isa = PBXBuildFile; fileRef = 5B14A4C22B1B468000F7444B /* GetMoviesUC.swift */; };
		5BCC12E22B1E451400C9C766 /* GetMovieUC.swift in Sources */ = {isa = PBXBuildFile; fileRef = 5BD524062B1CDA0400C945F5 /* GetMovieUC.swift */; };
		5BCC12E32B1E451600C9C766 /* GetSimilarMoviesUC.swift in Sources */ = {isa = PBXBuildFile; fileRef = 5BD5240C2B1CF8F500C945F5 /* GetSimilarMoviesUC.swift */; };
		5BCC12E42B1E451A00C9C766 /* GetMovieReviewsUC.swift in Sources */ = {isa = PBXBuildFile; fileRef = 5BD5240E2B1CF97600C945F5 /* GetMovieReviewsUC.swift */; };
		5BCC12E52B1E451C00C9C766 /* ToggleMovieAsFavorite.swift in Sources */ = {isa = PBXBuildFile; fileRef = 5BD524122B1D1F3C00C945F5 /* ToggleMovieAsFavorite.swift */; };
		5BCC12E62B1E459A00C9C766 /* MoviesDTO.swift in Sources */ = {isa = PBXBuildFile; fileRef = 5B14A4CC2B1B4E5800F7444B /* MoviesDTO.swift */; };
		5BCC12E72B1E459C00C9C766 /* MovieDTO.swift in Sources */ = {isa = PBXBuildFile; fileRef = 5B14A4CE2B1B4E6F00F7444B /* MovieDTO.swift */; };
		5BCC12E82B1E459E00C9C766 /* MovieFullDTO.swift in Sources */ = {isa = PBXBuildFile; fileRef = 5BD524082B1CDC9200C945F5 /* MovieFullDTO.swift */; };
		5BCC12E92B1E45A000C9C766 /* MovieReviewsDTO.swift in Sources */ = {isa = PBXBuildFile; fileRef = 5BD524102B1CF9C000C945F5 /* MovieReviewsDTO.swift */; };
		5BCC12EA2B1E4ADD00C9C766 /* ILocalMovieStorage.swift in Sources */ = {isa = PBXBuildFile; fileRef = 5BD524142B1D204E00C945F5 /* ILocalMovieStorage.swift */; };
		5BCC12EB2B1E4AE900C9C766 /* MoviesRepository.swift in Sources */ = {isa = PBXBuildFile; fileRef = 5B14A4CA2B1B4BEA00F7444B /* MoviesRepository.swift */; };
		5BD523FA2B1BA9AD00C945F5 /* MovieViewCell.xib in Resources */ = {isa = PBXBuildFile; fileRef = 5BD523F72B1BA24B00C945F5 /* MovieViewCell.xib */; };
		5BD523FF2B1CBB6900C945F5 /* MovieDetailsCoordinator.swift in Sources */ = {isa = PBXBuildFile; fileRef = 5BD523FE2B1CBB6900C945F5 /* MovieDetailsCoordinator.swift */; };
		5BD524012B1CBC2500C945F5 /* MovieDetailsViewModel.swift in Sources */ = {isa = PBXBuildFile; fileRef = 5BD524002B1CBC2500C945F5 /* MovieDetailsViewModel.swift */; };
		5BD524032B1CBF9A00C945F5 /* MovieDetailsView.swift in Sources */ = {isa = PBXBuildFile; fileRef = 5BD524022B1CBF9A00C945F5 /* MovieDetailsView.swift */; };
		5BD524052B1CD5B200C945F5 /* RatingView.swift in Sources */ = {isa = PBXBuildFile; fileRef = 5BD524042B1CD5B200C945F5 /* RatingView.swift */; };
		5BD524072B1CDA0400C945F5 /* GetMovieUC.swift in Sources */ = {isa = PBXBuildFile; fileRef = 5BD524062B1CDA0400C945F5 /* GetMovieUC.swift */; };
		5BD524092B1CDC9200C945F5 /* MovieFullDTO.swift in Sources */ = {isa = PBXBuildFile; fileRef = 5BD524082B1CDC9200C945F5 /* MovieFullDTO.swift */; };
		5BD5240B2B1CDF6000C945F5 /* MovieFull.swift in Sources */ = {isa = PBXBuildFile; fileRef = 5BD5240A2B1CDF6000C945F5 /* MovieFull.swift */; };
		5BD5240D2B1CF8F500C945F5 /* GetSimilarMoviesUC.swift in Sources */ = {isa = PBXBuildFile; fileRef = 5BD5240C2B1CF8F500C945F5 /* GetSimilarMoviesUC.swift */; };
		5BD5240F2B1CF97600C945F5 /* GetMovieReviewsUC.swift in Sources */ = {isa = PBXBuildFile; fileRef = 5BD5240E2B1CF97600C945F5 /* GetMovieReviewsUC.swift */; };
		5BD524112B1CF9C000C945F5 /* MovieReviewsDTO.swift in Sources */ = {isa = PBXBuildFile; fileRef = 5BD524102B1CF9C000C945F5 /* MovieReviewsDTO.swift */; };
		5BD524132B1D1F3C00C945F5 /* ToggleMovieAsFavorite.swift in Sources */ = {isa = PBXBuildFile; fileRef = 5BD524122B1D1F3C00C945F5 /* ToggleMovieAsFavorite.swift */; };
		5BD524152B1D204E00C945F5 /* ILocalMovieStorage.swift in Sources */ = {isa = PBXBuildFile; fileRef = 5BD524142B1D204E00C945F5 /* ILocalMovieStorage.swift */; };
		A9A5F05604747E55EAD7EFC5 /* Pods_MovieRama.framework in Frameworks */ = {isa = PBXBuildFile; fileRef = 22AC91C5FF2981B92A373389 /* Pods_MovieRama.framework */; };
		CCE7FC6DB07B4A54A5567E46 /* Pods_MovieRamaTests.framework in Frameworks */ = {isa = PBXBuildFile; fileRef = 729D6FF567F7851A396590B5 /* Pods_MovieRamaTests.framework */; };
		FA2F7D522B1E4D2B00D8F414 /* MovieRamaUITests.swift in Sources */ = {isa = PBXBuildFile; fileRef = FA2F7D512B1E4D2B00D8F414 /* MovieRamaUITests.swift */; };
		FA2F7D542B1E4D2B00D8F414 /* MovieRamaUITestsLaunchTests.swift in Sources */ = {isa = PBXBuildFile; fileRef = FA2F7D532B1E4D2B00D8F414 /* MovieRamaUITestsLaunchTests.swift */; };
		FA2F7D5B2B1E517700D8F414 /* GetMovieUCTests.swift in Sources */ = {isa = PBXBuildFile; fileRef = FA2F7D5A2B1E517700D8F414 /* GetMovieUCTests.swift */; };
		FA2F7D5D2B1E5F5F00D8F414 /* GetSimilarMoviesUCTests.swift in Sources */ = {isa = PBXBuildFile; fileRef = FA2F7D5C2B1E5F5F00D8F414 /* GetSimilarMoviesUCTests.swift */; };
		FA2F7D602B1E622800D8F414 /* MoviesViewModelTests.swift in Sources */ = {isa = PBXBuildFile; fileRef = FA2F7D5F2B1E622800D8F414 /* MoviesViewModelTests.swift */; };
		FA2F7D622B1E625E00D8F414 /* GetMoviesUCMock.swift in Sources */ = {isa = PBXBuildFile; fileRef = FA2F7D612B1E625E00D8F414 /* GetMoviesUCMock.swift */; };
		FA2F7D642B1E642A00D8F414 /* ToggleMovieFavoriteStatusUCMock.swift in Sources */ = {isa = PBXBuildFile; fileRef = FA2F7D632B1E642A00D8F414 /* ToggleMovieFavoriteStatusUCMock.swift */; };
		FA2F7D652B1E648100D8F414 /* MoviesViewModel.swift in Sources */ = {isa = PBXBuildFile; fileRef = FAC75F412B1A6E7300BCE0BA /* MoviesViewModel.swift */; };
		FA2F7D662B1E648A00D8F414 /* MovieDetailsViewModel.swift in Sources */ = {isa = PBXBuildFile; fileRef = 5BD524002B1CBC2500C945F5 /* MovieDetailsViewModel.swift */; };
		FA2F7D682B1E756E00D8F414 /* GetMovieUCMock.swift in Sources */ = {isa = PBXBuildFile; fileRef = FA2F7D672B1E756E00D8F414 /* GetMovieUCMock.swift */; };
		FA2F7D6A2B1E762F00D8F414 /* GetSimilarMoviesUCMock.swift in Sources */ = {isa = PBXBuildFile; fileRef = FA2F7D692B1E762F00D8F414 /* GetSimilarMoviesUCMock.swift */; };
		FA2F7D6C2B1E766300D8F414 /* MovieDetailsViewModelTests.swift in Sources */ = {isa = PBXBuildFile; fileRef = FA2F7D6B2B1E766300D8F414 /* MovieDetailsViewModelTests.swift */; };
		FA2F7D6E2B1E79C800D8F414 /* GetMovieReviewsUCMock.swift in Sources */ = {isa = PBXBuildFile; fileRef = FA2F7D6D2B1E79C800D8F414 /* GetMovieReviewsUCMock.swift */; };
		FA48FBCB2B19171E00C8E95D /* AppDelegate.swift in Sources */ = {isa = PBXBuildFile; fileRef = FA48FBCA2B19171E00C8E95D /* AppDelegate.swift */; };
		FA48FBCD2B19171E00C8E95D /* SceneDelegate.swift in Sources */ = {isa = PBXBuildFile; fileRef = FA48FBCC2B19171E00C8E95D /* SceneDelegate.swift */; };
		FA48FBD42B19171F00C8E95D /* Assets.xcassets in Resources */ = {isa = PBXBuildFile; fileRef = FA48FBD32B19171F00C8E95D /* Assets.xcassets */; };
		FA48FBD72B19171F00C8E95D /* LaunchScreen.storyboard in Resources */ = {isa = PBXBuildFile; fileRef = FA48FBD52B19171F00C8E95D /* LaunchScreen.storyboard */; };
		FA48FBE22B19171F00C8E95D /* MovieRamaTests.swift in Sources */ = {isa = PBXBuildFile; fileRef = FA48FBE12B19171F00C8E95D /* MovieRamaTests.swift */; };
		FABE12582B1E41440022A645 /* XCTestCase+Extensions.swift in Sources */ = {isa = PBXBuildFile; fileRef = FABE12572B1E41440022A645 /* XCTestCase+Extensions.swift */; };
		FAC75F2C2B1A5AFC00BCE0BA /* AppDIContainer.swift in Sources */ = {isa = PBXBuildFile; fileRef = FAC75F2B2B1A5AFC00BCE0BA /* AppDIContainer.swift */; };
		FAC75F2E2B1A5B5D00BCE0BA /* RestClient.swift in Sources */ = {isa = PBXBuildFile; fileRef = FAC75F2D2B1A5B5D00BCE0BA /* RestClient.swift */; };
		FAC75F302B1A5B9100BCE0BA /* Endpoint.swift in Sources */ = {isa = PBXBuildFile; fileRef = FAC75F2F2B1A5B9100BCE0BA /* Endpoint.swift */; };
		FAC75F322B1A622500BCE0BA /* Environment.swift in Sources */ = {isa = PBXBuildFile; fileRef = FAC75F312B1A622500BCE0BA /* Environment.swift */; };
		FAC75F352B1A6A1F00BCE0BA /* Coordinator.swift in Sources */ = {isa = PBXBuildFile; fileRef = FAC75F342B1A6A1F00BCE0BA /* Coordinator.swift */; };
		FAC75F372B1A6A3A00BCE0BA /* AppCoordinator.swift in Sources */ = {isa = PBXBuildFile; fileRef = FAC75F362B1A6A3A00BCE0BA /* AppCoordinator.swift */; };
		FAC75F3A2B1A6BC800BCE0BA /* RestClientTests.swift in Sources */ = {isa = PBXBuildFile; fileRef = FAC75F392B1A6BC800BCE0BA /* RestClientTests.swift */; };
		FAC75F3B2B1A6BEF00BCE0BA /* Endpoint.swift in Sources */ = {isa = PBXBuildFile; fileRef = FAC75F2F2B1A5B9100BCE0BA /* Endpoint.swift */; };
		FAC75F3C2B1A6BF300BCE0BA /* RestClient.swift in Sources */ = {isa = PBXBuildFile; fileRef = FAC75F2D2B1A5B5D00BCE0BA /* RestClient.swift */; };
		FAC75F3D2B1A6C3F00BCE0BA /* Environment.swift in Sources */ = {isa = PBXBuildFile; fileRef = FAC75F312B1A622500BCE0BA /* Environment.swift */; };
		FAC75F402B1A6D0A00BCE0BA /* MoviesCoordinator.swift in Sources */ = {isa = PBXBuildFile; fileRef = FAC75F3F2B1A6D0A00BCE0BA /* MoviesCoordinator.swift */; };
		FAC75F422B1A6E7300BCE0BA /* MoviesViewModel.swift in Sources */ = {isa = PBXBuildFile; fileRef = FAC75F412B1A6E7300BCE0BA /* MoviesViewModel.swift */; };
		FAC75F452B1A709400BCE0BA /* Movie.swift in Sources */ = {isa = PBXBuildFile; fileRef = FAC75F442B1A709400BCE0BA /* Movie.swift */; };
/* End PBXBuildFile section */

/* Begin PBXContainerItemProxy section */
		FA2F7D552B1E4D2B00D8F414 /* PBXContainerItemProxy */ = {
			isa = PBXContainerItemProxy;
			containerPortal = FA48FBBF2B19171E00C8E95D /* Project object */;
			proxyType = 1;
			remoteGlobalIDString = FA48FBC62B19171E00C8E95D;
			remoteInfo = MovieRama;
		};
		FA48FBDE2B19171F00C8E95D /* PBXContainerItemProxy */ = {
			isa = PBXContainerItemProxy;
			containerPortal = FA48FBBF2B19171E00C8E95D /* Project object */;
			proxyType = 1;
			remoteGlobalIDString = FA48FBC62B19171E00C8E95D;
			remoteInfo = MovieRama;
		};
/* End PBXContainerItemProxy section */

/* Begin PBXFileReference section */
		22AC91C5FF2981B92A373389 /* Pods_MovieRama.framework */ = {isa = PBXFileReference; explicitFileType = wrapper.framework; includeInIndex = 0; path = Pods_MovieRama.framework; sourceTree = BUILT_PRODUCTS_DIR; };
		431D97A9BEFB011BE71DD6CA /* Pods_MovieRama_MovieRamaUITests.framework */ = {isa = PBXFileReference; explicitFileType = wrapper.framework; includeInIndex = 0; path = Pods_MovieRama_MovieRamaUITests.framework; sourceTree = BUILT_PRODUCTS_DIR; };
		5B14A4BD2B1B39AE00F7444B /* MoviesViewController.swift */ = {isa = PBXFileReference; lastKnownFileType = sourcecode.swift; path = MoviesViewController.swift; sourceTree = "<group>"; };
		5B14A4BE2B1B39AE00F7444B /* MoviesViewController.xib */ = {isa = PBXFileReference; lastKnownFileType = file.xib; path = MoviesViewController.xib; sourceTree = "<group>"; };
		5B14A4C22B1B468000F7444B /* GetMoviesUC.swift */ = {isa = PBXFileReference; lastKnownFileType = sourcecode.swift; path = GetMoviesUC.swift; sourceTree = "<group>"; };
		5B14A4C52B1B471600F7444B /* IMoviesRepository.swift */ = {isa = PBXFileReference; lastKnownFileType = sourcecode.swift; path = IMoviesRepository.swift; sourceTree = "<group>"; };
		5B14A4CA2B1B4BEA00F7444B /* MoviesRepository.swift */ = {isa = PBXFileReference; lastKnownFileType = sourcecode.swift; path = MoviesRepository.swift; sourceTree = "<group>"; };
		5B14A4CC2B1B4E5800F7444B /* MoviesDTO.swift */ = {isa = PBXFileReference; lastKnownFileType = sourcecode.swift; path = MoviesDTO.swift; sourceTree = "<group>"; };
		5B14A4CE2B1B4E6F00F7444B /* MovieDTO.swift */ = {isa = PBXFileReference; lastKnownFileType = sourcecode.swift; path = MovieDTO.swift; sourceTree = "<group>"; };
		5B14A4D32B1B5F1C00F7444B /* MovieViewCell.swift */ = {isa = PBXFileReference; lastKnownFileType = sourcecode.swift; path = MovieViewCell.swift; sourceTree = "<group>"; };
		5B14A4D72B1B5F6B00F7444B /* XibInstantiable.swift */ = {isa = PBXFileReference; lastKnownFileType = sourcecode.swift; path = XibInstantiable.swift; sourceTree = "<group>"; };
		5B7952D52B1B7E3A003C960C /* en-GB */ = {isa = PBXFileReference; lastKnownFileType = text.plist.strings; name = "en-GB"; path = "en-GB.lproj/LaunchScreen.strings"; sourceTree = "<group>"; };
		5B7952D62B1B7E6C003C960C /* el */ = {isa = PBXFileReference; lastKnownFileType = text.plist.strings; name = el; path = el.lproj/LaunchScreen.strings; sourceTree = "<group>"; };
		5B7952D82B1B7E77003C960C /* en */ = {isa = PBXFileReference; lastKnownFileType = text.plist.strings; name = en; path = en.lproj/LaunchScreen.strings; sourceTree = "<group>"; };
		5BCC12D92B1E43DF00C9C766 /* GetMoviesUCTests.swift */ = {isa = PBXFileReference; lastKnownFileType = sourcecode.swift; path = GetMoviesUCTests.swift; sourceTree = "<group>"; };
		5BCC12DC2B1E449000C9C766 /* MoviesRepositoryMock.swift */ = {isa = PBXFileReference; lastKnownFileType = sourcecode.swift; path = MoviesRepositoryMock.swift; sourceTree = "<group>"; };
		5BD523F72B1BA24B00C945F5 /* MovieViewCell.xib */ = {isa = PBXFileReference; lastKnownFileType = file.xib; path = MovieViewCell.xib; sourceTree = "<group>"; };
		5BD523FE2B1CBB6900C945F5 /* MovieDetailsCoordinator.swift */ = {isa = PBXFileReference; lastKnownFileType = sourcecode.swift; path = MovieDetailsCoordinator.swift; sourceTree = "<group>"; };
		5BD524002B1CBC2500C945F5 /* MovieDetailsViewModel.swift */ = {isa = PBXFileReference; lastKnownFileType = sourcecode.swift; path = MovieDetailsViewModel.swift; sourceTree = "<group>"; };
		5BD524022B1CBF9A00C945F5 /* MovieDetailsView.swift */ = {isa = PBXFileReference; lastKnownFileType = sourcecode.swift; path = MovieDetailsView.swift; sourceTree = "<group>"; };
		5BD524042B1CD5B200C945F5 /* RatingView.swift */ = {isa = PBXFileReference; lastKnownFileType = sourcecode.swift; path = RatingView.swift; sourceTree = "<group>"; };
		5BD524062B1CDA0400C945F5 /* GetMovieUC.swift */ = {isa = PBXFileReference; lastKnownFileType = sourcecode.swift; path = GetMovieUC.swift; sourceTree = "<group>"; };
		5BD524082B1CDC9200C945F5 /* MovieFullDTO.swift */ = {isa = PBXFileReference; lastKnownFileType = sourcecode.swift; path = MovieFullDTO.swift; sourceTree = "<group>"; };
		5BD5240A2B1CDF6000C945F5 /* MovieFull.swift */ = {isa = PBXFileReference; lastKnownFileType = sourcecode.swift; path = MovieFull.swift; sourceTree = "<group>"; };
		5BD5240C2B1CF8F500C945F5 /* GetSimilarMoviesUC.swift */ = {isa = PBXFileReference; lastKnownFileType = sourcecode.swift; path = GetSimilarMoviesUC.swift; sourceTree = "<group>"; };
		5BD5240E2B1CF97600C945F5 /* GetMovieReviewsUC.swift */ = {isa = PBXFileReference; lastKnownFileType = sourcecode.swift; path = GetMovieReviewsUC.swift; sourceTree = "<group>"; };
		5BD524102B1CF9C000C945F5 /* MovieReviewsDTO.swift */ = {isa = PBXFileReference; lastKnownFileType = sourcecode.swift; path = MovieReviewsDTO.swift; sourceTree = "<group>"; };
		5BD524122B1D1F3C00C945F5 /* ToggleMovieAsFavorite.swift */ = {isa = PBXFileReference; lastKnownFileType = sourcecode.swift; path = ToggleMovieAsFavorite.swift; sourceTree = "<group>"; };
		5BD524142B1D204E00C945F5 /* ILocalMovieStorage.swift */ = {isa = PBXFileReference; lastKnownFileType = sourcecode.swift; path = ILocalMovieStorage.swift; sourceTree = "<group>"; };
		729D6FF567F7851A396590B5 /* Pods_MovieRamaTests.framework */ = {isa = PBXFileReference; explicitFileType = wrapper.framework; includeInIndex = 0; path = Pods_MovieRamaTests.framework; sourceTree = BUILT_PRODUCTS_DIR; };
		95B306DB2865B2C1624E54B2 /* Pods-MovieRamaTests.release.xcconfig */ = {isa = PBXFileReference; includeInIndex = 1; lastKnownFileType = text.xcconfig; name = "Pods-MovieRamaTests.release.xcconfig"; path = "Target Support Files/Pods-MovieRamaTests/Pods-MovieRamaTests.release.xcconfig"; sourceTree = "<group>"; };
		95D20C00FFFB18EA6D1028B0 /* Pods-MovieRama.release.xcconfig */ = {isa = PBXFileReference; includeInIndex = 1; lastKnownFileType = text.xcconfig; name = "Pods-MovieRama.release.xcconfig"; path = "Target Support Files/Pods-MovieRama/Pods-MovieRama.release.xcconfig"; sourceTree = "<group>"; };
		9C712745E14CCC6A137BF3B4 /* Pods-MovieRama-MovieRamaUITests.release.xcconfig */ = {isa = PBXFileReference; includeInIndex = 1; lastKnownFileType = text.xcconfig; name = "Pods-MovieRama-MovieRamaUITests.release.xcconfig"; path = "Target Support Files/Pods-MovieRama-MovieRamaUITests/Pods-MovieRama-MovieRamaUITests.release.xcconfig"; sourceTree = "<group>"; };
		BA378F9ABFCBF9C159F93475 /* Pods-MovieRama-MovieRamaUITests.debug.xcconfig */ = {isa = PBXFileReference; includeInIndex = 1; lastKnownFileType = text.xcconfig; name = "Pods-MovieRama-MovieRamaUITests.debug.xcconfig"; path = "Target Support Files/Pods-MovieRama-MovieRamaUITests/Pods-MovieRama-MovieRamaUITests.debug.xcconfig"; sourceTree = "<group>"; };
		C2D4AEE4D5979F1A6B14F042 /* Pods-MovieRama.debug.xcconfig */ = {isa = PBXFileReference; includeInIndex = 1; lastKnownFileType = text.xcconfig; name = "Pods-MovieRama.debug.xcconfig"; path = "Target Support Files/Pods-MovieRama/Pods-MovieRama.debug.xcconfig"; sourceTree = "<group>"; };
		E317B6D7A1681E57A7DD4B3A /* Pods-MovieRamaTests.debug.xcconfig */ = {isa = PBXFileReference; includeInIndex = 1; lastKnownFileType = text.xcconfig; name = "Pods-MovieRamaTests.debug.xcconfig"; path = "Target Support Files/Pods-MovieRamaTests/Pods-MovieRamaTests.debug.xcconfig"; sourceTree = "<group>"; };
		FA2F7D4F2B1E4D2B00D8F414 /* MovieRamaUITests.xctest */ = {isa = PBXFileReference; explicitFileType = wrapper.cfbundle; includeInIndex = 0; path = MovieRamaUITests.xctest; sourceTree = BUILT_PRODUCTS_DIR; };
		FA2F7D512B1E4D2B00D8F414 /* MovieRamaUITests.swift */ = {isa = PBXFileReference; lastKnownFileType = sourcecode.swift; path = MovieRamaUITests.swift; sourceTree = "<group>"; };
		FA2F7D532B1E4D2B00D8F414 /* MovieRamaUITestsLaunchTests.swift */ = {isa = PBXFileReference; lastKnownFileType = sourcecode.swift; path = MovieRamaUITestsLaunchTests.swift; sourceTree = "<group>"; };
		FA2F7D5A2B1E517700D8F414 /* GetMovieUCTests.swift */ = {isa = PBXFileReference; lastKnownFileType = sourcecode.swift; path = GetMovieUCTests.swift; sourceTree = "<group>"; };
		FA2F7D5C2B1E5F5F00D8F414 /* GetSimilarMoviesUCTests.swift */ = {isa = PBXFileReference; lastKnownFileType = sourcecode.swift; path = GetSimilarMoviesUCTests.swift; sourceTree = "<group>"; };
		FA2F7D5F2B1E622800D8F414 /* MoviesViewModelTests.swift */ = {isa = PBXFileReference; lastKnownFileType = sourcecode.swift; path = MoviesViewModelTests.swift; sourceTree = "<group>"; };
		FA2F7D612B1E625E00D8F414 /* GetMoviesUCMock.swift */ = {isa = PBXFileReference; lastKnownFileType = sourcecode.swift; path = GetMoviesUCMock.swift; sourceTree = "<group>"; };
		FA2F7D632B1E642A00D8F414 /* ToggleMovieFavoriteStatusUCMock.swift */ = {isa = PBXFileReference; lastKnownFileType = sourcecode.swift; path = ToggleMovieFavoriteStatusUCMock.swift; sourceTree = "<group>"; };
		FA2F7D672B1E756E00D8F414 /* GetMovieUCMock.swift */ = {isa = PBXFileReference; lastKnownFileType = sourcecode.swift; path = GetMovieUCMock.swift; sourceTree = "<group>"; };
		FA2F7D692B1E762F00D8F414 /* GetSimilarMoviesUCMock.swift */ = {isa = PBXFileReference; lastKnownFileType = sourcecode.swift; path = GetSimilarMoviesUCMock.swift; sourceTree = "<group>"; };
		FA2F7D6B2B1E766300D8F414 /* MovieDetailsViewModelTests.swift */ = {isa = PBXFileReference; lastKnownFileType = sourcecode.swift; path = MovieDetailsViewModelTests.swift; sourceTree = "<group>"; };
		FA2F7D6D2B1E79C800D8F414 /* GetMovieReviewsUCMock.swift */ = {isa = PBXFileReference; lastKnownFileType = sourcecode.swift; path = GetMovieReviewsUCMock.swift; sourceTree = "<group>"; };
		FA48FBC72B19171E00C8E95D /* MovieRama.app */ = {isa = PBXFileReference; explicitFileType = wrapper.application; includeInIndex = 0; path = MovieRama.app; sourceTree = BUILT_PRODUCTS_DIR; };
		FA48FBCA2B19171E00C8E95D /* AppDelegate.swift */ = {isa = PBXFileReference; lastKnownFileType = sourcecode.swift; name = AppDelegate.swift; path = MovieRama/Application/AppDelegate.swift; sourceTree = SOURCE_ROOT; };
		FA48FBCC2B19171E00C8E95D /* SceneDelegate.swift */ = {isa = PBXFileReference; lastKnownFileType = sourcecode.swift; path = SceneDelegate.swift; sourceTree = "<group>"; };
		FA48FBD32B19171F00C8E95D /* Assets.xcassets */ = {isa = PBXFileReference; lastKnownFileType = folder.assetcatalog; path = Assets.xcassets; sourceTree = "<group>"; };
		FA48FBD62B19171F00C8E95D /* Base */ = {isa = PBXFileReference; lastKnownFileType = file.storyboard; name = Base; path = Base.lproj/LaunchScreen.storyboard; sourceTree = "<group>"; };
		FA48FBD82B19171F00C8E95D /* Info.plist */ = {isa = PBXFileReference; lastKnownFileType = text.plist.xml; path = Info.plist; sourceTree = "<group>"; };
		FA48FBDD2B19171F00C8E95D /* MovieRamaTests.xctest */ = {isa = PBXFileReference; explicitFileType = wrapper.cfbundle; includeInIndex = 0; path = MovieRamaTests.xctest; sourceTree = BUILT_PRODUCTS_DIR; };
		FA48FBE12B19171F00C8E95D /* MovieRamaTests.swift */ = {isa = PBXFileReference; lastKnownFileType = sourcecode.swift; path = MovieRamaTests.swift; sourceTree = "<group>"; };
		FABE12572B1E41440022A645 /* XCTestCase+Extensions.swift */ = {isa = PBXFileReference; lastKnownFileType = sourcecode.swift; path = "XCTestCase+Extensions.swift"; sourceTree = "<group>"; };
		FAC75F2B2B1A5AFC00BCE0BA /* AppDIContainer.swift */ = {isa = PBXFileReference; lastKnownFileType = sourcecode.swift; path = AppDIContainer.swift; sourceTree = "<group>"; };
		FAC75F2D2B1A5B5D00BCE0BA /* RestClient.swift */ = {isa = PBXFileReference; lastKnownFileType = sourcecode.swift; path = RestClient.swift; sourceTree = "<group>"; };
		FAC75F2F2B1A5B9100BCE0BA /* Endpoint.swift */ = {isa = PBXFileReference; lastKnownFileType = sourcecode.swift; path = Endpoint.swift; sourceTree = "<group>"; };
		FAC75F312B1A622500BCE0BA /* Environment.swift */ = {isa = PBXFileReference; lastKnownFileType = sourcecode.swift; path = Environment.swift; sourceTree = "<group>"; };
		FAC75F342B1A6A1F00BCE0BA /* Coordinator.swift */ = {isa = PBXFileReference; lastKnownFileType = sourcecode.swift; path = Coordinator.swift; sourceTree = "<group>"; };
		FAC75F362B1A6A3A00BCE0BA /* AppCoordinator.swift */ = {isa = PBXFileReference; lastKnownFileType = sourcecode.swift; path = AppCoordinator.swift; sourceTree = "<group>"; };
		FAC75F392B1A6BC800BCE0BA /* RestClientTests.swift */ = {isa = PBXFileReference; lastKnownFileType = sourcecode.swift; path = RestClientTests.swift; sourceTree = "<group>"; };
		FAC75F3F2B1A6D0A00BCE0BA /* MoviesCoordinator.swift */ = {isa = PBXFileReference; lastKnownFileType = sourcecode.swift; path = MoviesCoordinator.swift; sourceTree = "<group>"; };
		FAC75F412B1A6E7300BCE0BA /* MoviesViewModel.swift */ = {isa = PBXFileReference; lastKnownFileType = sourcecode.swift; path = MoviesViewModel.swift; sourceTree = "<group>"; };
		FAC75F442B1A709400BCE0BA /* Movie.swift */ = {isa = PBXFileReference; lastKnownFileType = sourcecode.swift; path = Movie.swift; sourceTree = "<group>"; };
/* End PBXFileReference section */

/* Begin PBXFrameworksBuildPhase section */
		FA2F7D4C2B1E4D2B00D8F414 /* Frameworks */ = {
			isa = PBXFrameworksBuildPhase;
			buildActionMask = 2147483647;
			files = (
			);
			runOnlyForDeploymentPostprocessing = 0;
		};
		FA48FBC42B19171E00C8E95D /* Frameworks */ = {
			isa = PBXFrameworksBuildPhase;
			buildActionMask = 2147483647;
			files = (
				A9A5F05604747E55EAD7EFC5 /* Pods_MovieRama.framework in Frameworks */,
			);
			runOnlyForDeploymentPostprocessing = 0;
		};
		FA48FBDA2B19171F00C8E95D /* Frameworks */ = {
			isa = PBXFrameworksBuildPhase;
			buildActionMask = 2147483647;
			files = (
				CCE7FC6DB07B4A54A5567E46 /* Pods_MovieRamaTests.framework in Frameworks */,
			);
			runOnlyForDeploymentPostprocessing = 0;
		};
/* End PBXFrameworksBuildPhase section */

/* Begin PBXGroup section */
		4170A62C966E021A6BAC8E63 /* Pods */ = {
			isa = PBXGroup;
			children = (
				C2D4AEE4D5979F1A6B14F042 /* Pods-MovieRama.debug.xcconfig */,
				95D20C00FFFB18EA6D1028B0 /* Pods-MovieRama.release.xcconfig */,
				BA378F9ABFCBF9C159F93475 /* Pods-MovieRama-MovieRamaUITests.debug.xcconfig */,
				9C712745E14CCC6A137BF3B4 /* Pods-MovieRama-MovieRamaUITests.release.xcconfig */,
				E317B6D7A1681E57A7DD4B3A /* Pods-MovieRamaTests.debug.xcconfig */,
				95B306DB2865B2C1624E54B2 /* Pods-MovieRamaTests.release.xcconfig */,
			);
			path = Pods;
			sourceTree = "<group>";
		};
		5B14A4C12B1B465100F7444B /* UseCases */ = {
			isa = PBXGroup;
			children = (
				5B14A4C22B1B468000F7444B /* GetMoviesUC.swift */,
				5BD524062B1CDA0400C945F5 /* GetMovieUC.swift */,
				5BD5240C2B1CF8F500C945F5 /* GetSimilarMoviesUC.swift */,
				5BD5240E2B1CF97600C945F5 /* GetMovieReviewsUC.swift */,
				5BD524122B1D1F3C00C945F5 /* ToggleMovieAsFavorite.swift */,
			);
			path = UseCases;
			sourceTree = "<group>";
		};
		5B14A4C42B1B46EF00F7444B /* Repositories */ = {
			isa = PBXGroup;
			children = (
				5B14A4C52B1B471600F7444B /* IMoviesRepository.swift */,
				5BD524142B1D204E00C945F5 /* ILocalMovieStorage.swift */,
			);
			path = Repositories;
			sourceTree = "<group>";
		};
		5B14A4C72B1B4BBD00F7444B /* Data */ = {
			isa = PBXGroup;
			children = (
				5B14A4C92B1B4BD100F7444B /* Models */,
				5B14A4C82B1B4BC400F7444B /* Repositories */,
			);
			path = Data;
			sourceTree = "<group>";
		};
		5B14A4C82B1B4BC400F7444B /* Repositories */ = {
			isa = PBXGroup;
			children = (
				5B14A4CA2B1B4BEA00F7444B /* MoviesRepository.swift */,
			);
			path = Repositories;
			sourceTree = "<group>";
		};
		5B14A4C92B1B4BD100F7444B /* Models */ = {
			isa = PBXGroup;
			children = (
				5B14A4CC2B1B4E5800F7444B /* MoviesDTO.swift */,
				5B14A4CE2B1B4E6F00F7444B /* MovieDTO.swift */,
				5BD524082B1CDC9200C945F5 /* MovieFullDTO.swift */,
				5BD524102B1CF9C000C945F5 /* MovieReviewsDTO.swift */,
			);
			path = Models;
			sourceTree = "<group>";
		};
		5B14A4D22B1B5EF800F7444B /* Cells */ = {
			isa = PBXGroup;
			children = (
				5B14A4D32B1B5F1C00F7444B /* MovieViewCell.swift */,
				5BD523F72B1BA24B00C945F5 /* MovieViewCell.xib */,
			);
			path = Cells;
			sourceTree = "<group>";
		};
		5BCC12D82B1E439800C9C766 /* Domain */ = {
			isa = PBXGroup;
			children = (
				5BCC12D92B1E43DF00C9C766 /* GetMoviesUCTests.swift */,
				FA2F7D5A2B1E517700D8F414 /* GetMovieUCTests.swift */,
				FA2F7D5C2B1E5F5F00D8F414 /* GetSimilarMoviesUCTests.swift */,
			);
			path = Domain;
			sourceTree = "<group>";
		};
		5BCC12DB2B1E443A00C9C766 /* Mocks */ = {
			isa = PBXGroup;
			children = (
				5BCC12DC2B1E449000C9C766 /* MoviesRepositoryMock.swift */,
				FA2F7D612B1E625E00D8F414 /* GetMoviesUCMock.swift */,
				FA2F7D632B1E642A00D8F414 /* ToggleMovieFavoriteStatusUCMock.swift */,
				FA2F7D672B1E756E00D8F414 /* GetMovieUCMock.swift */,
				FA2F7D692B1E762F00D8F414 /* GetSimilarMoviesUCMock.swift */,
				FA2F7D6D2B1E79C800D8F414 /* GetMovieReviewsUCMock.swift */,
			);
			path = Mocks;
			sourceTree = "<group>";
		};
		5BD523FD2B1CB9BD00C945F5 /* MovieDetails */ = {
			isa = PBXGroup;
			children = (
				5BD523FE2B1CBB6900C945F5 /* MovieDetailsCoordinator.swift */,
				5BD524002B1CBC2500C945F5 /* MovieDetailsViewModel.swift */,
				5BD524022B1CBF9A00C945F5 /* MovieDetailsView.swift */,
				5BD524042B1CD5B200C945F5 /* RatingView.swift */,
			);
			path = MovieDetails;
			sourceTree = "<group>";
		};
		AF7F5C6B63A5CF6DAB8CC016 /* Frameworks */ = {
			isa = PBXGroup;
			children = (
				22AC91C5FF2981B92A373389 /* Pods_MovieRama.framework */,
				431D97A9BEFB011BE71DD6CA /* Pods_MovieRama_MovieRamaUITests.framework */,
				729D6FF567F7851A396590B5 /* Pods_MovieRamaTests.framework */,
			);
			name = Frameworks;
			sourceTree = "<group>";
		};
		FA2F7D502B1E4D2B00D8F414 /* MovieRamaUITests */ = {
			isa = PBXGroup;
			children = (
				FA2F7D512B1E4D2B00D8F414 /* MovieRamaUITests.swift */,
				FA2F7D532B1E4D2B00D8F414 /* MovieRamaUITestsLaunchTests.swift */,
			);
			path = MovieRamaUITests;
			sourceTree = "<group>";
		};
		FA2F7D5E2B1E610D00D8F414 /* Presentation */ = {
			isa = PBXGroup;
			children = (
				FA2F7D5F2B1E622800D8F414 /* MoviesViewModelTests.swift */,
				FA2F7D6B2B1E766300D8F414 /* MovieDetailsViewModelTests.swift */,
			);
			path = Presentation;
			sourceTree = "<group>";
		};
		FA48FBBE2B19171E00C8E95D = {
			isa = PBXGroup;
			children = (
				FA48FBC92B19171E00C8E95D /* MovieRama */,
				FA48FBE02B19171F00C8E95D /* MovieRamaTests */,
				FA2F7D502B1E4D2B00D8F414 /* MovieRamaUITests */,
				FA48FBC82B19171E00C8E95D /* Products */,
				4170A62C966E021A6BAC8E63 /* Pods */,
				AF7F5C6B63A5CF6DAB8CC016 /* Frameworks */,
			);
			sourceTree = "<group>";
		};
		FA48FBC82B19171E00C8E95D /* Products */ = {
			isa = PBXGroup;
			children = (
				FA48FBC72B19171E00C8E95D /* MovieRama.app */,
				FA48FBDD2B19171F00C8E95D /* MovieRamaTests.xctest */,
				FA2F7D4F2B1E4D2B00D8F414 /* MovieRamaUITests.xctest */,
			);
			name = Products;
			sourceTree = "<group>";
		};
		FA48FBC92B19171E00C8E95D /* MovieRama */ = {
			isa = PBXGroup;
			children = (
				FAC75F252B1A586600BCE0BA /* Application */,
				FAC75F262B1A587800BCE0BA /* Presentation */,
				FAC75F272B1A588200BCE0BA /* Domain */,
				5B14A4C72B1B4BBD00F7444B /* Data */,
				FAC75F292B1A589B00BCE0BA /* Infrastructure */,
				FA48FBD32B19171F00C8E95D /* Assets.xcassets */,
				FA48FBD52B19171F00C8E95D /* LaunchScreen.storyboard */,
				FA48FBD82B19171F00C8E95D /* Info.plist */,
			);
			path = MovieRama;
			sourceTree = "<group>";
		};
		FA48FBE02B19171F00C8E95D /* MovieRamaTests */ = {
			isa = PBXGroup;
			children = (
				FA2F7D5E2B1E610D00D8F414 /* Presentation */,
				5BCC12DB2B1E443A00C9C766 /* Mocks */,
				5BCC12D82B1E439800C9C766 /* Domain */,
				FABE12562B1E41290022A645 /* Utils */,
				FAC75F382B1A6B8D00BCE0BA /* Infrastructure */,
				FA48FBE12B19171F00C8E95D /* MovieRamaTests.swift */,
			);
			path = MovieRamaTests;
			sourceTree = "<group>";
		};
		FABE12562B1E41290022A645 /* Utils */ = {
			isa = PBXGroup;
			children = (
				FABE12572B1E41440022A645 /* XCTestCase+Extensions.swift */,
			);
			path = Utils;
			sourceTree = "<group>";
		};
		FAC75F252B1A586600BCE0BA /* Application */ = {
			isa = PBXGroup;
			children = (
				FAC75F332B1A6A0C00BCE0BA /* Util */,
				FAC75F2A2B1A5AE400BCE0BA /* DIContainer */,
				FA48FBCA2B19171E00C8E95D /* AppDelegate.swift */,
				FA48FBCC2B19171E00C8E95D /* SceneDelegate.swift */,
				FAC75F362B1A6A3A00BCE0BA /* AppCoordinator.swift */,
			);
			path = Application;
			sourceTree = "<group>";
		};
		FAC75F262B1A587800BCE0BA /* Presentation */ = {
			isa = PBXGroup;
			children = (
				5BD523FD2B1CB9BD00C945F5 /* MovieDetails */,
				FAC75F3E2B1A6CE500BCE0BA /* Movies */,
			);
			path = Presentation;
			sourceTree = "<group>";
		};
		FAC75F272B1A588200BCE0BA /* Domain */ = {
			isa = PBXGroup;
			children = (
				5B14A4C42B1B46EF00F7444B /* Repositories */,
				5B14A4C12B1B465100F7444B /* UseCases */,
				FAC75F432B1A708500BCE0BA /* Entities */,
			);
			path = Domain;
			sourceTree = "<group>";
		};
		FAC75F292B1A589B00BCE0BA /* Infrastructure */ = {
			isa = PBXGroup;
			children = (
				FAC75F2D2B1A5B5D00BCE0BA /* RestClient.swift */,
				FAC75F312B1A622500BCE0BA /* Environment.swift */,
				FAC75F2F2B1A5B9100BCE0BA /* Endpoint.swift */,
			);
			path = Infrastructure;
			sourceTree = "<group>";
		};
		FAC75F2A2B1A5AE400BCE0BA /* DIContainer */ = {
			isa = PBXGroup;
			children = (
				FAC75F2B2B1A5AFC00BCE0BA /* AppDIContainer.swift */,
			);
			path = DIContainer;
			sourceTree = "<group>";
		};
		FAC75F332B1A6A0C00BCE0BA /* Util */ = {
			isa = PBXGroup;
			children = (
				FAC75F342B1A6A1F00BCE0BA /* Coordinator.swift */,
				5B14A4D72B1B5F6B00F7444B /* XibInstantiable.swift */,
			);
			path = Util;
			sourceTree = "<group>";
		};
		FAC75F382B1A6B8D00BCE0BA /* Infrastructure */ = {
			isa = PBXGroup;
			children = (
				FAC75F392B1A6BC800BCE0BA /* RestClientTests.swift */,
			);
			path = Infrastructure;
			sourceTree = "<group>";
		};
		FAC75F3E2B1A6CE500BCE0BA /* Movies */ = {
			isa = PBXGroup;
			children = (
				5B14A4D22B1B5EF800F7444B /* Cells */,
				5B14A4BD2B1B39AE00F7444B /* MoviesViewController.swift */,
				5B14A4BE2B1B39AE00F7444B /* MoviesViewController.xib */,
				FAC75F3F2B1A6D0A00BCE0BA /* MoviesCoordinator.swift */,
				FAC75F412B1A6E7300BCE0BA /* MoviesViewModel.swift */,
			);
			path = Movies;
			sourceTree = "<group>";
		};
		FAC75F432B1A708500BCE0BA /* Entities */ = {
			isa = PBXGroup;
			children = (
				FAC75F442B1A709400BCE0BA /* Movie.swift */,
				5BD5240A2B1CDF6000C945F5 /* MovieFull.swift */,
			);
			path = Entities;
			sourceTree = "<group>";
		};
/* End PBXGroup section */

/* Begin PBXNativeTarget section */
		FA2F7D4E2B1E4D2B00D8F414 /* MovieRamaUITests */ = {
			isa = PBXNativeTarget;
			buildConfigurationList = FA2F7D572B1E4D2B00D8F414 /* Build configuration list for PBXNativeTarget "MovieRamaUITests" */;
			buildPhases = (
				FA2F7D4B2B1E4D2B00D8F414 /* Sources */,
				FA2F7D4C2B1E4D2B00D8F414 /* Frameworks */,
				FA2F7D4D2B1E4D2B00D8F414 /* Resources */,
			);
			buildRules = (
			);
			dependencies = (
				FA2F7D562B1E4D2B00D8F414 /* PBXTargetDependency */,
			);
			name = MovieRamaUITests;
			productName = MovieRamaUITests;
			productReference = FA2F7D4F2B1E4D2B00D8F414 /* MovieRamaUITests.xctest */;
			productType = "com.apple.product-type.bundle.ui-testing";
		};
		FA48FBC62B19171E00C8E95D /* MovieRama */ = {
			isa = PBXNativeTarget;
			buildConfigurationList = FA48FBF12B19171F00C8E95D /* Build configuration list for PBXNativeTarget "MovieRama" */;
			buildPhases = (
				ABD340EC43DB24C6857BF871 /* [CP] Check Pods Manifest.lock */,
				FA48FBC32B19171E00C8E95D /* Sources */,
				FA48FBC42B19171E00C8E95D /* Frameworks */,
				FA48FBC52B19171E00C8E95D /* Resources */,
				70BD1D66B22053F8FDA0CCDD /* [CP] Embed Pods Frameworks */,
			);
			buildRules = (
			);
			dependencies = (
			);
			name = MovieRama;
			productName = MovieRama;
			productReference = FA48FBC72B19171E00C8E95D /* MovieRama.app */;
			productType = "com.apple.product-type.application";
		};
		FA48FBDC2B19171F00C8E95D /* MovieRamaTests */ = {
			isa = PBXNativeTarget;
			buildConfigurationList = FA48FBF42B19171F00C8E95D /* Build configuration list for PBXNativeTarget "MovieRamaTests" */;
			buildPhases = (
				E361DB822446063BB85D94F1 /* [CP] Check Pods Manifest.lock */,
				FA48FBD92B19171F00C8E95D /* Sources */,
				FA48FBDA2B19171F00C8E95D /* Frameworks */,
				FA48FBDB2B19171F00C8E95D /* Resources */,
			);
			buildRules = (
			);
			dependencies = (
				FA48FBDF2B19171F00C8E95D /* PBXTargetDependency */,
			);
			name = MovieRamaTests;
			productName = MovieRamaTests;
			productReference = FA48FBDD2B19171F00C8E95D /* MovieRamaTests.xctest */;
			productType = "com.apple.product-type.bundle.unit-test";
		};
/* End PBXNativeTarget section */

/* Begin PBXProject section */
		FA48FBBF2B19171E00C8E95D /* Project object */ = {
			isa = PBXProject;
			attributes = {
				BuildIndependentTargetsInParallel = 1;
				LastSwiftUpdateCheck = 1500;
				LastUpgradeCheck = 1500;
				TargetAttributes = {
					FA2F7D4E2B1E4D2B00D8F414 = {
						CreatedOnToolsVersion = 15.0.1;
						TestTargetID = FA48FBC62B19171E00C8E95D;
					};
					FA48FBC62B19171E00C8E95D = {
						CreatedOnToolsVersion = 15.0.1;
					};
					FA48FBDC2B19171F00C8E95D = {
						CreatedOnToolsVersion = 15.0.1;
						TestTargetID = FA48FBC62B19171E00C8E95D;
					};
				};
			};
			buildConfigurationList = FA48FBC22B19171E00C8E95D /* Build configuration list for PBXProject "MovieRama" */;
			compatibilityVersion = "Xcode 14.0";
			developmentRegion = en;
			hasScannedForEncodings = 0;
			knownRegions = (
				en,
				Base,
				"en-GB",
				el,
			);
			mainGroup = FA48FBBE2B19171E00C8E95D;
			productRefGroup = FA48FBC82B19171E00C8E95D /* Products */;
			projectDirPath = "";
			projectRoot = "";
			targets = (
				FA48FBC62B19171E00C8E95D /* MovieRama */,
				FA48FBDC2B19171F00C8E95D /* MovieRamaTests */,
				FA2F7D4E2B1E4D2B00D8F414 /* MovieRamaUITests */,
			);
		};
/* End PBXProject section */

/* Begin PBXResourcesBuildPhase section */
		FA2F7D4D2B1E4D2B00D8F414 /* Resources */ = {
			isa = PBXResourcesBuildPhase;
			buildActionMask = 2147483647;
			files = (
			);
			runOnlyForDeploymentPostprocessing = 0;
		};
		FA48FBC52B19171E00C8E95D /* Resources */ = {
			isa = PBXResourcesBuildPhase;
			buildActionMask = 2147483647;
			files = (
				5BD523FA2B1BA9AD00C945F5 /* MovieViewCell.xib in Resources */,
				FA48FBD72B19171F00C8E95D /* LaunchScreen.storyboard in Resources */,
				5B14A4C02B1B39AE00F7444B /* MoviesViewController.xib in Resources */,
				FA48FBD42B19171F00C8E95D /* Assets.xcassets in Resources */,
			);
			runOnlyForDeploymentPostprocessing = 0;
		};
		FA48FBDB2B19171F00C8E95D /* Resources */ = {
			isa = PBXResourcesBuildPhase;
			buildActionMask = 2147483647;
			files = (
			);
			runOnlyForDeploymentPostprocessing = 0;
		};
/* End PBXResourcesBuildPhase section */

/* Begin PBXShellScriptBuildPhase section */
		70BD1D66B22053F8FDA0CCDD /* [CP] Embed Pods Frameworks */ = {
			isa = PBXShellScriptBuildPhase;
			buildActionMask = 2147483647;
			files = (
			);
			inputFileListPaths = (
				"${PODS_ROOT}/Target Support Files/Pods-MovieRama/Pods-MovieRama-frameworks-${CONFIGURATION}-input-files.xcfilelist",
			);
			name = "[CP] Embed Pods Frameworks";
			outputFileListPaths = (
				"${PODS_ROOT}/Target Support Files/Pods-MovieRama/Pods-MovieRama-frameworks-${CONFIGURATION}-output-files.xcfilelist",
			);
			runOnlyForDeploymentPostprocessing = 0;
			shellPath = /bin/sh;
			shellScript = "\"${PODS_ROOT}/Target Support Files/Pods-MovieRama/Pods-MovieRama-frameworks.sh\"\n";
			showEnvVarsInLog = 0;
		};
		ABD340EC43DB24C6857BF871 /* [CP] Check Pods Manifest.lock */ = {
			isa = PBXShellScriptBuildPhase;
			buildActionMask = 2147483647;
			files = (
			);
			inputFileListPaths = (
			);
			inputPaths = (
				"${PODS_PODFILE_DIR_PATH}/Podfile.lock",
				"${PODS_ROOT}/Manifest.lock",
			);
			name = "[CP] Check Pods Manifest.lock";
			outputFileListPaths = (
			);
			outputPaths = (
				"$(DERIVED_FILE_DIR)/Pods-MovieRama-checkManifestLockResult.txt",
			);
			runOnlyForDeploymentPostprocessing = 0;
			shellPath = /bin/sh;
			shellScript = "diff \"${PODS_PODFILE_DIR_PATH}/Podfile.lock\" \"${PODS_ROOT}/Manifest.lock\" > /dev/null\nif [ $? != 0 ] ; then\n    # print error to STDERR\n    echo \"error: The sandbox is not in sync with the Podfile.lock. Run 'pod install' or update your CocoaPods installation.\" >&2\n    exit 1\nfi\n# This output is used by Xcode 'outputs' to avoid re-running this script phase.\necho \"SUCCESS\" > \"${SCRIPT_OUTPUT_FILE_0}\"\n";
			showEnvVarsInLog = 0;
		};
		E361DB822446063BB85D94F1 /* [CP] Check Pods Manifest.lock */ = {
			isa = PBXShellScriptBuildPhase;
			buildActionMask = 2147483647;
			files = (
			);
			inputFileListPaths = (
			);
			inputPaths = (
				"${PODS_PODFILE_DIR_PATH}/Podfile.lock",
				"${PODS_ROOT}/Manifest.lock",
			);
			name = "[CP] Check Pods Manifest.lock";
			outputFileListPaths = (
			);
			outputPaths = (
				"$(DERIVED_FILE_DIR)/Pods-MovieRamaTests-checkManifestLockResult.txt",
			);
			runOnlyForDeploymentPostprocessing = 0;
			shellPath = /bin/sh;
			shellScript = "diff \"${PODS_PODFILE_DIR_PATH}/Podfile.lock\" \"${PODS_ROOT}/Manifest.lock\" > /dev/null\nif [ $? != 0 ] ; then\n    # print error to STDERR\n    echo \"error: The sandbox is not in sync with the Podfile.lock. Run 'pod install' or update your CocoaPods installation.\" >&2\n    exit 1\nfi\n# This output is used by Xcode 'outputs' to avoid re-running this script phase.\necho \"SUCCESS\" > \"${SCRIPT_OUTPUT_FILE_0}\"\n";
			showEnvVarsInLog = 0;
		};
/* End PBXShellScriptBuildPhase section */

/* Begin PBXSourcesBuildPhase section */
		FA2F7D4B2B1E4D2B00D8F414 /* Sources */ = {
			isa = PBXSourcesBuildPhase;
			buildActionMask = 2147483647;
			files = (
				FA2F7D542B1E4D2B00D8F414 /* MovieRamaUITestsLaunchTests.swift in Sources */,
				FA2F7D522B1E4D2B00D8F414 /* MovieRamaUITests.swift in Sources */,
			);
			runOnlyForDeploymentPostprocessing = 0;
		};
		FA48FBC32B19171E00C8E95D /* Sources */ = {
			isa = PBXSourcesBuildPhase;
			buildActionMask = 2147483647;
			files = (
				FAC75F352B1A6A1F00BCE0BA /* Coordinator.swift in Sources */,
				5B14A4D82B1B5F6B00F7444B /* XibInstantiable.swift in Sources */,
				5BD524152B1D204E00C945F5 /* ILocalMovieStorage.swift in Sources */,
				5BD524032B1CBF9A00C945F5 /* MovieDetailsView.swift in Sources */,
				5BD524072B1CDA0400C945F5 /* GetMovieUC.swift in Sources */,
				5B14A4CB2B1B4BEA00F7444B /* MoviesRepository.swift in Sources */,
				FAC75F2C2B1A5AFC00BCE0BA /* AppDIContainer.swift in Sources */,
				FA48FBCB2B19171E00C8E95D /* AppDelegate.swift in Sources */,
				5BD5240F2B1CF97600C945F5 /* GetMovieReviewsUC.swift in Sources */,
				5B14A4CD2B1B4E5800F7444B /* MoviesDTO.swift in Sources */,
				5BD524052B1CD5B200C945F5 /* RatingView.swift in Sources */,
				FAC75F402B1A6D0A00BCE0BA /* MoviesCoordinator.swift in Sources */,
				FAC75F322B1A622500BCE0BA /* Environment.swift in Sources */,
				5BD524112B1CF9C000C945F5 /* MovieReviewsDTO.swift in Sources */,
				FAC75F2E2B1A5B5D00BCE0BA /* RestClient.swift in Sources */,
				FAC75F372B1A6A3A00BCE0BA /* AppCoordinator.swift in Sources */,
				5BD524092B1CDC9200C945F5 /* MovieFullDTO.swift in Sources */,
				5BD523FF2B1CBB6900C945F5 /* MovieDetailsCoordinator.swift in Sources */,
				5BD524132B1D1F3C00C945F5 /* ToggleMovieAsFavorite.swift in Sources */,
				FAC75F302B1A5B9100BCE0BA /* Endpoint.swift in Sources */,
				FA48FBCD2B19171E00C8E95D /* SceneDelegate.swift in Sources */,
				5B14A4CF2B1B4E6F00F7444B /* MovieDTO.swift in Sources */,
				5BD524012B1CBC2500C945F5 /* MovieDetailsViewModel.swift in Sources */,
				5BD5240B2B1CDF6000C945F5 /* MovieFull.swift in Sources */,
				FAC75F452B1A709400BCE0BA /* Movie.swift in Sources */,
				5B14A4C32B1B468000F7444B /* GetMoviesUC.swift in Sources */,
				5BD5240D2B1CF8F500C945F5 /* GetSimilarMoviesUC.swift in Sources */,
				FAC75F422B1A6E7300BCE0BA /* MoviesViewModel.swift in Sources */,
				5B14A4C62B1B471600F7444B /* IMoviesRepository.swift in Sources */,
				5B14A4BF2B1B39AE00F7444B /* MoviesViewController.swift in Sources */,
				5B14A4D52B1B5F1C00F7444B /* MovieViewCell.swift in Sources */,
			);
			runOnlyForDeploymentPostprocessing = 0;
		};
		FA48FBD92B19171F00C8E95D /* Sources */ = {
			isa = PBXSourcesBuildPhase;
			buildActionMask = 2147483647;
			files = (
				FA2F7D6C2B1E766300D8F414 /* MovieDetailsViewModelTests.swift in Sources */,
				FA2F7D602B1E622800D8F414 /* MoviesViewModelTests.swift in Sources */,
				FAC75F3C2B1A6BF300BCE0BA /* RestClient.swift in Sources */,
				FAC75F3A2B1A6BC800BCE0BA /* RestClientTests.swift in Sources */,
				FA2F7D6A2B1E762F00D8F414 /* GetSimilarMoviesUCMock.swift in Sources */,
				5BCC12DD2B1E449000C9C766 /* MoviesRepositoryMock.swift in Sources */,
				FAC75F3B2B1A6BEF00BCE0BA /* Endpoint.swift in Sources */,
				FA2F7D6E2B1E79C800D8F414 /* GetMovieReviewsUCMock.swift in Sources */,
				5BCC12EA2B1E4ADD00C9C766 /* ILocalMovieStorage.swift in Sources */,
				5BCC12E92B1E45A000C9C766 /* MovieReviewsDTO.swift in Sources */,
				5BCC12DF2B1E450700C9C766 /* Movie.swift in Sources */,
				5BCC12E82B1E459E00C9C766 /* MovieFullDTO.swift in Sources */,
				FA2F7D622B1E625E00D8F414 /* GetMoviesUCMock.swift in Sources */,
				FA2F7D642B1E642A00D8F414 /* ToggleMovieFavoriteStatusUCMock.swift in Sources */,
				FA2F7D652B1E648100D8F414 /* MoviesViewModel.swift in Sources */,
				FA48FBE22B19171F00C8E95D /* MovieRamaTests.swift in Sources */,
				FABE12582B1E41440022A645 /* XCTestCase+Extensions.swift in Sources */,
				5BCC12E62B1E459A00C9C766 /* MoviesDTO.swift in Sources */,
				FA2F7D682B1E756E00D8F414 /* GetMovieUCMock.swift in Sources */,
				FA2F7D662B1E648A00D8F414 /* MovieDetailsViewModel.swift in Sources */,
				5BCC12E22B1E451400C9C766 /* GetMovieUC.swift in Sources */,
				FA2F7D5B2B1E517700D8F414 /* GetMovieUCTests.swift in Sources */,
				5BCC12E42B1E451A00C9C766 /* GetMovieReviewsUC.swift in Sources */,
				5BCC12E02B1E450900C9C766 /* MovieFull.swift in Sources */,
				FA2F7D5D2B1E5F5F00D8F414 /* GetSimilarMoviesUCTests.swift in Sources */,
				5BCC12EB2B1E4AE900C9C766 /* MoviesRepository.swift in Sources */,
				5BCC12DA2B1E43DF00C9C766 /* GetMoviesUCTests.swift in Sources */,
				5BCC12DE2B1E44B600C9C766 /* IMoviesRepository.swift in Sources */,
				5BCC12E52B1E451C00C9C766 /* ToggleMovieAsFavorite.swift in Sources */,
				FAC75F3D2B1A6C3F00BCE0BA /* Environment.swift in Sources */,
				5BCC12E12B1E451200C9C766 /* GetMoviesUC.swift in Sources */,
				5BCC12E72B1E459C00C9C766 /* MovieDTO.swift in Sources */,
				5BCC12E32B1E451600C9C766 /* GetSimilarMoviesUC.swift in Sources */,
			);
			runOnlyForDeploymentPostprocessing = 0;
		};
/* End PBXSourcesBuildPhase section */

/* Begin PBXTargetDependency section */
		FA2F7D562B1E4D2B00D8F414 /* PBXTargetDependency */ = {
			isa = PBXTargetDependency;
			target = FA48FBC62B19171E00C8E95D /* MovieRama */;
			targetProxy = FA2F7D552B1E4D2B00D8F414 /* PBXContainerItemProxy */;
		};
		FA48FBDF2B19171F00C8E95D /* PBXTargetDependency */ = {
			isa = PBXTargetDependency;
			target = FA48FBC62B19171E00C8E95D /* MovieRama */;
			targetProxy = FA48FBDE2B19171F00C8E95D /* PBXContainerItemProxy */;
		};
/* End PBXTargetDependency section */

/* Begin PBXVariantGroup section */
		FA48FBD52B19171F00C8E95D /* LaunchScreen.storyboard */ = {
			isa = PBXVariantGroup;
			children = (
				FA48FBD62B19171F00C8E95D /* Base */,
				5B7952D52B1B7E3A003C960C /* en-GB */,
				5B7952D62B1B7E6C003C960C /* el */,
				5B7952D82B1B7E77003C960C /* en */,
			);
			name = LaunchScreen.storyboard;
			sourceTree = "<group>";
		};
/* End PBXVariantGroup section */

/* Begin XCBuildConfiguration section */
		FA2F7D582B1E4D2B00D8F414 /* Debug */ = {
			isa = XCBuildConfiguration;
			buildSettings = {
				CODE_SIGN_STYLE = Automatic;
				CURRENT_PROJECT_VERSION = 1;
				DEVELOPMENT_TEAM = 62M274FT79;
				GENERATE_INFOPLIST_FILE = YES;
				IPHONEOS_DEPLOYMENT_TARGET = 17.0;
				MARKETING_VERSION = 1.0;
				PRODUCT_BUNDLE_IDENTIFIER = alexmoumoulidis.MovieRamaUITests;
				PRODUCT_NAME = "$(TARGET_NAME)";
				SWIFT_EMIT_LOC_STRINGS = NO;
				SWIFT_VERSION = 5.0;
				TARGETED_DEVICE_FAMILY = "1,2";
				TEST_TARGET_NAME = MovieRama;
			};
			name = Debug;
		};
		FA2F7D592B1E4D2B00D8F414 /* Release */ = {
			isa = XCBuildConfiguration;
			buildSettings = {
				CODE_SIGN_STYLE = Automatic;
				CURRENT_PROJECT_VERSION = 1;
				DEVELOPMENT_TEAM = 62M274FT79;
				GENERATE_INFOPLIST_FILE = YES;
				IPHONEOS_DEPLOYMENT_TARGET = 17.0;
				MARKETING_VERSION = 1.0;
				PRODUCT_BUNDLE_IDENTIFIER = alexmoumoulidis.MovieRamaUITests;
				PRODUCT_NAME = "$(TARGET_NAME)";
				SWIFT_EMIT_LOC_STRINGS = NO;
				SWIFT_VERSION = 5.0;
				TARGETED_DEVICE_FAMILY = "1,2";
				TEST_TARGET_NAME = MovieRama;
			};
			name = Release;
		};
		FA48FBEF2B19171F00C8E95D /* Debug */ = {
			isa = XCBuildConfiguration;
			buildSettings = {
				ALWAYS_SEARCH_USER_PATHS = NO;
				ASSETCATALOG_COMPILER_GENERATE_SWIFT_ASSET_SYMBOL_EXTENSIONS = YES;
				CLANG_ANALYZER_LOCALIZABILITY_NONLOCALIZED = YES;
				CLANG_ANALYZER_NONNULL = YES;
				CLANG_ANALYZER_NUMBER_OBJECT_CONVERSION = YES_AGGRESSIVE;
				CLANG_CXX_LANGUAGE_STANDARD = "gnu++20";
				CLANG_ENABLE_MODULES = YES;
				CLANG_ENABLE_OBJC_ARC = YES;
				CLANG_ENABLE_OBJC_WEAK = YES;
				CLANG_WARN_BLOCK_CAPTURE_AUTORELEASING = YES;
				CLANG_WARN_BOOL_CONVERSION = YES;
				CLANG_WARN_COMMA = YES;
				CLANG_WARN_CONSTANT_CONVERSION = YES;
				CLANG_WARN_DEPRECATED_OBJC_IMPLEMENTATIONS = YES;
				CLANG_WARN_DIRECT_OBJC_ISA_USAGE = YES_ERROR;
				CLANG_WARN_DOCUMENTATION_COMMENTS = YES;
				CLANG_WARN_EMPTY_BODY = YES;
				CLANG_WARN_ENUM_CONVERSION = YES;
				CLANG_WARN_INFINITE_RECURSION = YES;
				CLANG_WARN_INT_CONVERSION = YES;
				CLANG_WARN_NON_LITERAL_NULL_CONVERSION = YES;
				CLANG_WARN_OBJC_IMPLICIT_RETAIN_SELF = YES;
				CLANG_WARN_OBJC_LITERAL_CONVERSION = YES;
				CLANG_WARN_OBJC_ROOT_CLASS = YES_ERROR;
				CLANG_WARN_QUOTED_INCLUDE_IN_FRAMEWORK_HEADER = YES;
				CLANG_WARN_RANGE_LOOP_ANALYSIS = YES;
				CLANG_WARN_STRICT_PROTOTYPES = YES;
				CLANG_WARN_SUSPICIOUS_MOVE = YES;
				CLANG_WARN_UNGUARDED_AVAILABILITY = YES_AGGRESSIVE;
				CLANG_WARN_UNREACHABLE_CODE = YES;
				CLANG_WARN__DUPLICATE_METHOD_MATCH = YES;
				COPY_PHASE_STRIP = NO;
				DEBUG_INFORMATION_FORMAT = dwarf;
				ENABLE_STRICT_OBJC_MSGSEND = YES;
				ENABLE_TESTABILITY = YES;
				ENABLE_USER_SCRIPT_SANDBOXING = YES;
				GCC_C_LANGUAGE_STANDARD = gnu17;
				GCC_DYNAMIC_NO_PIC = NO;
				GCC_NO_COMMON_BLOCKS = YES;
				GCC_OPTIMIZATION_LEVEL = 0;
				GCC_PREPROCESSOR_DEFINITIONS = (
					"DEBUG=1",
					"$(inherited)",
				);
				GCC_WARN_64_TO_32_BIT_CONVERSION = YES;
				GCC_WARN_ABOUT_RETURN_TYPE = YES_ERROR;
				GCC_WARN_UNDECLARED_SELECTOR = YES;
				GCC_WARN_UNINITIALIZED_AUTOS = YES_AGGRESSIVE;
				GCC_WARN_UNUSED_FUNCTION = YES;
				GCC_WARN_UNUSED_VARIABLE = YES;
				IPHONEOS_DEPLOYMENT_TARGET = 13.0;
				LOCALIZATION_PREFERS_STRING_CATALOGS = YES;
				MTL_ENABLE_DEBUG_INFO = INCLUDE_SOURCE;
				MTL_FAST_MATH = YES;
				ONLY_ACTIVE_ARCH = YES;
				SDKROOT = iphoneos;
				SWIFT_ACTIVE_COMPILATION_CONDITIONS = "DEBUG $(inherited)";
				SWIFT_OPTIMIZATION_LEVEL = "-Onone";
			};
			name = Debug;
		};
		FA48FBF02B19171F00C8E95D /* Release */ = {
			isa = XCBuildConfiguration;
			buildSettings = {
				ALWAYS_SEARCH_USER_PATHS = NO;
				ASSETCATALOG_COMPILER_GENERATE_SWIFT_ASSET_SYMBOL_EXTENSIONS = YES;
				CLANG_ANALYZER_LOCALIZABILITY_NONLOCALIZED = YES;
				CLANG_ANALYZER_NONNULL = YES;
				CLANG_ANALYZER_NUMBER_OBJECT_CONVERSION = YES_AGGRESSIVE;
				CLANG_CXX_LANGUAGE_STANDARD = "gnu++20";
				CLANG_ENABLE_MODULES = YES;
				CLANG_ENABLE_OBJC_ARC = YES;
				CLANG_ENABLE_OBJC_WEAK = YES;
				CLANG_WARN_BLOCK_CAPTURE_AUTORELEASING = YES;
				CLANG_WARN_BOOL_CONVERSION = YES;
				CLANG_WARN_COMMA = YES;
				CLANG_WARN_CONSTANT_CONVERSION = YES;
				CLANG_WARN_DEPRECATED_OBJC_IMPLEMENTATIONS = YES;
				CLANG_WARN_DIRECT_OBJC_ISA_USAGE = YES_ERROR;
				CLANG_WARN_DOCUMENTATION_COMMENTS = YES;
				CLANG_WARN_EMPTY_BODY = YES;
				CLANG_WARN_ENUM_CONVERSION = YES;
				CLANG_WARN_INFINITE_RECURSION = YES;
				CLANG_WARN_INT_CONVERSION = YES;
				CLANG_WARN_NON_LITERAL_NULL_CONVERSION = YES;
				CLANG_WARN_OBJC_IMPLICIT_RETAIN_SELF = YES;
				CLANG_WARN_OBJC_LITERAL_CONVERSION = YES;
				CLANG_WARN_OBJC_ROOT_CLASS = YES_ERROR;
				CLANG_WARN_QUOTED_INCLUDE_IN_FRAMEWORK_HEADER = YES;
				CLANG_WARN_RANGE_LOOP_ANALYSIS = YES;
				CLANG_WARN_STRICT_PROTOTYPES = YES;
				CLANG_WARN_SUSPICIOUS_MOVE = YES;
				CLANG_WARN_UNGUARDED_AVAILABILITY = YES_AGGRESSIVE;
				CLANG_WARN_UNREACHABLE_CODE = YES;
				CLANG_WARN__DUPLICATE_METHOD_MATCH = YES;
				COPY_PHASE_STRIP = NO;
				DEBUG_INFORMATION_FORMAT = "dwarf-with-dsym";
				ENABLE_NS_ASSERTIONS = NO;
				ENABLE_STRICT_OBJC_MSGSEND = YES;
				ENABLE_USER_SCRIPT_SANDBOXING = YES;
				GCC_C_LANGUAGE_STANDARD = gnu17;
				GCC_NO_COMMON_BLOCKS = YES;
				GCC_WARN_64_TO_32_BIT_CONVERSION = YES;
				GCC_WARN_ABOUT_RETURN_TYPE = YES_ERROR;
				GCC_WARN_UNDECLARED_SELECTOR = YES;
				GCC_WARN_UNINITIALIZED_AUTOS = YES_AGGRESSIVE;
				GCC_WARN_UNUSED_FUNCTION = YES;
				GCC_WARN_UNUSED_VARIABLE = YES;
				IPHONEOS_DEPLOYMENT_TARGET = 13.0;
				LOCALIZATION_PREFERS_STRING_CATALOGS = YES;
				MTL_ENABLE_DEBUG_INFO = NO;
				MTL_FAST_MATH = YES;
				SDKROOT = iphoneos;
				SWIFT_COMPILATION_MODE = wholemodule;
				VALIDATE_PRODUCT = YES;
			};
			name = Release;
		};
		FA48FBF22B19171F00C8E95D /* Debug */ = {
			isa = XCBuildConfiguration;
			baseConfigurationReference = C2D4AEE4D5979F1A6B14F042 /* Pods-MovieRama.debug.xcconfig */;
			buildSettings = {
				ASSETCATALOG_COMPILER_APPICON_NAME = AppIcon;
				ASSETCATALOG_COMPILER_GLOBAL_ACCENT_COLOR_NAME = AccentColor;
				CODE_SIGN_STYLE = Automatic;
				CURRENT_PROJECT_VERSION = 1;
				DEVELOPMENT_TEAM = 62M274FT79;
				ENABLE_USER_SCRIPT_SANDBOXING = NO;
				GENERATE_INFOPLIST_FILE = YES;
				INFOPLIST_FILE = MovieRama/Info.plist;
				INFOPLIST_KEY_LSApplicationCategoryType = "public.app-category.entertainment";
				INFOPLIST_KEY_UIApplicationSupportsIndirectInputEvents = YES;
				INFOPLIST_KEY_UILaunchStoryboardName = LaunchScreen;
				INFOPLIST_KEY_UISupportedInterfaceOrientations_iPad = "UIInterfaceOrientationPortrait UIInterfaceOrientationPortraitUpsideDown UIInterfaceOrientationLandscapeLeft UIInterfaceOrientationLandscapeRight";
				INFOPLIST_KEY_UISupportedInterfaceOrientations_iPhone = "UIInterfaceOrientationPortrait UIInterfaceOrientationLandscapeLeft UIInterfaceOrientationLandscapeRight";
				IPHONEOS_DEPLOYMENT_TARGET = 13.0;
				LD_RUNPATH_SEARCH_PATHS = (
					"$(inherited)",
					"@executable_path/Frameworks",
				);
				MARKETING_VERSION = 1.0;
				PRODUCT_BUNDLE_IDENTIFIER = alexmoumoulidis.MovieRama;
				PRODUCT_NAME = "$(TARGET_NAME)";
				SWIFT_EMIT_LOC_STRINGS = YES;
				SWIFT_VERSION = 5.0;
				TARGETED_DEVICE_FAMILY = "1,2";
			};
			name = Debug;
		};
		FA48FBF32B19171F00C8E95D /* Release */ = {
			isa = XCBuildConfiguration;
			baseConfigurationReference = 95D20C00FFFB18EA6D1028B0 /* Pods-MovieRama.release.xcconfig */;
			buildSettings = {
				ASSETCATALOG_COMPILER_APPICON_NAME = AppIcon;
				ASSETCATALOG_COMPILER_GLOBAL_ACCENT_COLOR_NAME = AccentColor;
				CODE_SIGN_STYLE = Automatic;
				CURRENT_PROJECT_VERSION = 1;
				DEVELOPMENT_TEAM = 62M274FT79;
				ENABLE_USER_SCRIPT_SANDBOXING = NO;
				GENERATE_INFOPLIST_FILE = YES;
				INFOPLIST_FILE = MovieRama/Info.plist;
				INFOPLIST_KEY_LSApplicationCategoryType = "public.app-category.entertainment";
				INFOPLIST_KEY_UIApplicationSupportsIndirectInputEvents = YES;
				INFOPLIST_KEY_UILaunchStoryboardName = LaunchScreen;
				INFOPLIST_KEY_UISupportedInterfaceOrientations_iPad = "UIInterfaceOrientationPortrait UIInterfaceOrientationPortraitUpsideDown UIInterfaceOrientationLandscapeLeft UIInterfaceOrientationLandscapeRight";
				INFOPLIST_KEY_UISupportedInterfaceOrientations_iPhone = "UIInterfaceOrientationPortrait UIInterfaceOrientationLandscapeLeft UIInterfaceOrientationLandscapeRight";
				IPHONEOS_DEPLOYMENT_TARGET = 13.0;
				LD_RUNPATH_SEARCH_PATHS = (
					"$(inherited)",
					"@executable_path/Frameworks",
				);
				MARKETING_VERSION = 1.0;
				PRODUCT_BUNDLE_IDENTIFIER = alexmoumoulidis.MovieRama;
				PRODUCT_NAME = "$(TARGET_NAME)";
				SWIFT_EMIT_LOC_STRINGS = YES;
				SWIFT_VERSION = 5.0;
				TARGETED_DEVICE_FAMILY = "1,2";
			};
			name = Release;
		};
		FA48FBF52B19171F00C8E95D /* Debug */ = {
			isa = XCBuildConfiguration;
			baseConfigurationReference = E317B6D7A1681E57A7DD4B3A /* Pods-MovieRamaTests.debug.xcconfig */;
			buildSettings = {
				ALWAYS_EMBED_SWIFT_STANDARD_LIBRARIES = YES;
				BUNDLE_LOADER = "$(TEST_HOST)";
				CODE_SIGN_STYLE = Automatic;
				CURRENT_PROJECT_VERSION = 1;
				DEVELOPMENT_TEAM = 62M274FT79;
				GENERATE_INFOPLIST_FILE = YES;
				IPHONEOS_DEPLOYMENT_TARGET = 13.0;
				MARKETING_VERSION = 1.0;
				PRODUCT_BUNDLE_IDENTIFIER = alexmoumoulidis.MovieRamaTests;
				PRODUCT_NAME = "$(TARGET_NAME)";
				SWIFT_EMIT_LOC_STRINGS = NO;
				SWIFT_VERSION = 5.0;
				TARGETED_DEVICE_FAMILY = "1,2";
				TEST_HOST = "$(BUILT_PRODUCTS_DIR)/MovieRama.app/$(BUNDLE_EXECUTABLE_FOLDER_PATH)/MovieRama";
			};
			name = Debug;
		};
		FA48FBF62B19171F00C8E95D /* Release */ = {
			isa = XCBuildConfiguration;
			baseConfigurationReference = 95B306DB2865B2C1624E54B2 /* Pods-MovieRamaTests.release.xcconfig */;
			buildSettings = {
				ALWAYS_EMBED_SWIFT_STANDARD_LIBRARIES = YES;
				BUNDLE_LOADER = "$(TEST_HOST)";
				CODE_SIGN_STYLE = Automatic;
				CURRENT_PROJECT_VERSION = 1;
				DEVELOPMENT_TEAM = 62M274FT79;
				GENERATE_INFOPLIST_FILE = YES;
				IPHONEOS_DEPLOYMENT_TARGET = 13.0;
				MARKETING_VERSION = 1.0;
				PRODUCT_BUNDLE_IDENTIFIER = alexmoumoulidis.MovieRamaTests;
				PRODUCT_NAME = "$(TARGET_NAME)";
				SWIFT_EMIT_LOC_STRINGS = NO;
				SWIFT_VERSION = 5.0;
				TARGETED_DEVICE_FAMILY = "1,2";
				TEST_HOST = "$(BUILT_PRODUCTS_DIR)/MovieRama.app/$(BUNDLE_EXECUTABLE_FOLDER_PATH)/MovieRama";
			};
			name = Release;
		};
/* End XCBuildConfiguration section */

/* Begin XCConfigurationList section */
		FA2F7D572B1E4D2B00D8F414 /* Build configuration list for PBXNativeTarget "MovieRamaUITests" */ = {
			isa = XCConfigurationList;
			buildConfigurations = (
				FA2F7D582B1E4D2B00D8F414 /* Debug */,
				FA2F7D592B1E4D2B00D8F414 /* Release */,
			);
			defaultConfigurationIsVisible = 0;
			defaultConfigurationName = Release;
		};
		FA48FBC22B19171E00C8E95D /* Build configuration list for PBXProject "MovieRama" */ = {
			isa = XCConfigurationList;
			buildConfigurations = (
				FA48FBEF2B19171F00C8E95D /* Debug */,
				FA48FBF02B19171F00C8E95D /* Release */,
			);
			defaultConfigurationIsVisible = 0;
			defaultConfigurationName = Release;
		};
		FA48FBF12B19171F00C8E95D /* Build configuration list for PBXNativeTarget "MovieRama" */ = {
			isa = XCConfigurationList;
			buildConfigurations = (
				FA48FBF22B19171F00C8E95D /* Debug */,
				FA48FBF32B19171F00C8E95D /* Release */,
			);
			defaultConfigurationIsVisible = 0;
			defaultConfigurationName = Release;
		};
		FA48FBF42B19171F00C8E95D /* Build configuration list for PBXNativeTarget "MovieRamaTests" */ = {
			isa = XCConfigurationList;
			buildConfigurations = (
				FA48FBF52B19171F00C8E95D /* Debug */,
				FA48FBF62B19171F00C8E95D /* Release */,
			);
			defaultConfigurationIsVisible = 0;
			defaultConfigurationName = Release;
		};
/* End XCConfigurationList section */
	};
	rootObject = FA48FBBF2B19171E00C8E95D /* Project object */;
}
